
Microsoft Visual Studio Solution File, Format Version 12.00
# Visual Studio Version 17
VisualStudioVersion = 17.1.32421.90
MinimumVisualStudioVersion = 10.0.40219.1
Project("{FAE04EC0-301F-11D3-BF4B-00C04F79EFBC}") = "ManipularString", "ManipularString\ManipularString.csproj", "{3D719B97-AC29-4767-9880-4CAE38E897EF}"
EndProject
Global
	GlobalSection(SolutionConfigurationPlatforms) = preSolution
		Debug|Any CPU = Debug|Any CPU
		Release|Any CPU = Release|Any CPU
	EndGlobalSection
	GlobalSection(ProjectConfigurationPlatforms) = postSolution
		{3D719B97-AC29-4767-9880-4CAE38E897EF}.Debug|Any CPU.ActiveCfg = Debug|Any CPU
		{3D719B97-AC29-4767-9880-4CAE38E897EF}.Debug|Any CPU.Build.0 = Debug|Any CPU
		{3D719B97-AC29-4767-9880-4CAE38E897EF}.Release|Any CPU.ActiveCfg = Release|Any CPU
		{3D719B97-AC29-4767-9880-4CAE38E897EF}.Release|Any CPU.Build.0 = Release|Any CPU
	EndGlobalSection
	GlobalSection(SolutionProperties) = preSolution
		HideSolutionNode = FALSE
	EndGlobalSection
	GlobalSection(ExtensibilityGlobals) = postSolution
		SolutionGuid = {BF89114E-2DD6-4E78-BF16-8AF2B4FBD271}
	EndGlobalSection
EndGlobal
