
Microsoft Visual Studio Solution File, Format Version 12.00
# Visual Studio Version 17
VisualStudioVersion = 17.1.32421.90
MinimumVisualStudioVersion = 10.0.40219.1
Project("{FAE04EC0-301F-11D3-BF4B-00C04F79EFBC}") = "ClassesObjetos", "ClassesObjetos\ClassesObjetos.csproj", "{3143B261-1A36-4CCA-98CC-FD3FAB8AB23D}"
EndProject
Project("{FAE04EC0-301F-11D3-BF4B-00C04F79EFBC}") = "MetodosDasClasses", "MetodosDasClasses\MetodosDasClasses.csproj", "{CF923A74-1CA6-47CF-8A20-E2311C467162}"
EndProject
Global
	GlobalSection(SolutionConfigurationPlatforms) = preSolution
		Debug|Any CPU = Debug|Any CPU
		Release|Any CPU = Release|Any CPU
	EndGlobalSection
	GlobalSection(ProjectConfigurationPlatforms) = postSolution
		{3143B261-1A36-4CCA-98CC-FD3FAB8AB23D}.Debug|Any CPU.ActiveCfg = Debug|Any CPU
		{3143B261-1A36-4CCA-98CC-FD3FAB8AB23D}.Debug|Any CPU.Build.0 = Debug|Any CPU
		{3143B261-1A36-4CCA-98CC-FD3FAB8AB23D}.Release|Any CPU.ActiveCfg = Release|Any CPU
		{3143B261-1A36-4CCA-98CC-FD3FAB8AB23D}.Release|Any CPU.Build.0 = Release|Any CPU
		{CF923A74-1CA6-47CF-8A20-E2311C467162}.Debug|Any CPU.ActiveCfg = Debug|Any CPU
		{CF923A74-1CA6-47CF-8A20-E2311C467162}.Debug|Any CPU.Build.0 = Debug|Any CPU
		{CF923A74-1CA6-47CF-8A20-E2311C467162}.Release|Any CPU.ActiveCfg = Release|Any CPU
		{CF923A74-1CA6-47CF-8A20-E2311C467162}.Release|Any CPU.Build.0 = Release|Any CPU
	EndGlobalSection
	GlobalSection(SolutionProperties) = preSolution
		HideSolutionNode = FALSE
	EndGlobalSection
	GlobalSection(ExtensibilityGlobals) = postSolution
		SolutionGuid = {CD679641-3618-434A-8815-6F3BE7996087}
	EndGlobalSection
EndGlobal
