
Microsoft Visual Studio Solution File, Format Version 12.00
# Visual Studio Version 17
VisualStudioVersion = 17.1.32421.90
MinimumVisualStudioVersion = 10.0.40219.1
Project("{FAE04EC0-301F-11D3-BF4B-00C04F79EFBC}") = "Controle", "Controle\Controle.csproj", "{B4AED5F1-2AD4-432C-8554-66804AC08C08}"
EndProject
Global
	GlobalSection(SolutionConfigurationPlatforms) = preSolution
		Debug|Any CPU = Debug|Any CPU
		Release|Any CPU = Release|Any CPU
	EndGlobalSection
	GlobalSection(ProjectConfigurationPlatforms) = postSolution
		{B4AED5F1-2AD4-432C-8554-66804AC08C08}.Debug|Any CPU.ActiveCfg = Debug|Any CPU
		{B4AED5F1-2AD4-432C-8554-66804AC08C08}.Debug|Any CPU.Build.0 = Debug|Any CPU
		{B4AED5F1-2AD4-432C-8554-66804AC08C08}.Release|Any CPU.ActiveCfg = Release|Any CPU
		{B4AED5F1-2AD4-432C-8554-66804AC08C08}.Release|Any CPU.Build.0 = Release|Any CPU
	EndGlobalSection
	GlobalSection(SolutionProperties) = preSolution
		HideSolutionNode = FALSE
	EndGlobalSection
	GlobalSection(ExtensibilityGlobals) = postSolution
		SolutionGuid = {D5B72082-EB7E-4BD6-9C3C-3EFAC32A364A}
	EndGlobalSection
EndGlobal
