
Microsoft Visual Studio Solution File, Format Version 12.00
# Visual Studio Version 17
VisualStudioVersion = 17.1.32421.90
MinimumVisualStudioVersion = 10.0.40219.1
Project("{FAE04EC0-301F-11D3-BF4B-00C04F79EFBC}") = "Ciclos", "Ciclos\Ciclos.csproj", "{BE1E7D20-C483-4D12-9EAD-9F7CB37BF89C}"
EndProject
Global
	GlobalSection(SolutionConfigurationPlatforms) = preSolution
		Debug|Any CPU = Debug|Any CPU
		Release|Any CPU = Release|Any CPU
	EndGlobalSection
	GlobalSection(ProjectConfigurationPlatforms) = postSolution
		{BE1E7D20-C483-4D12-9EAD-9F7CB37BF89C}.Debug|Any CPU.ActiveCfg = Debug|Any CPU
		{BE1E7D20-C483-4D12-9EAD-9F7CB37BF89C}.Debug|Any CPU.Build.0 = Debug|Any CPU
		{BE1E7D20-C483-4D12-9EAD-9F7CB37BF89C}.Release|Any CPU.ActiveCfg = Release|Any CPU
		{BE1E7D20-C483-4D12-9EAD-9F7CB37BF89C}.Release|Any CPU.Build.0 = Release|Any CPU
	EndGlobalSection
	GlobalSection(SolutionProperties) = preSolution
		HideSolutionNode = FALSE
	EndGlobalSection
	GlobalSection(ExtensibilityGlobals) = postSolution
		SolutionGuid = {764A71E1-65C4-4982-B39D-EC3EAD43A933}
	EndGlobalSection
EndGlobal
